
Microsoft Visual Studio Solution File, Format Version 12.00
# Visual Studio Version 17
VisualStudioVersion = 17.14.36511.14 d17.14
MinimumVisualStudioVersion = 10.0.40219.1
Project("{FAE04EC0-301F-11D3-BF4B-00C04F79EFBC}") = "Dashboard_WEB_API", "Dashboard_WEB_API\Dashboard_WEB_API.csproj", "{88F08D60-2134-4AF0-852C-CD8257CACEA2}"
EndProject
Project("{FAE04EC0-301F-11D3-BF4B-00C04F79EFBC}") = "Dashboard_WEB_API.BLL", "Dashboard_WEB_API.BLL\Dashboard_WEB_API.BLL.csproj", "{ADCC9EEF-0E9D-4587-96E7-4AC4D5C254C6}"
EndProject
Project("{FAE04EC0-301F-11D3-BF4B-00C04F79EFBC}") = "Dashboard_WEB_API.DAL", "Dashboard_WEB_API.DAL\Dashboard_WEB_API.DAL.csproj", "{ABEC70F0-9924-4646-9E96-3D4B386EB780}"
EndProject
Global
	GlobalSection(SolutionConfigurationPlatforms) = preSolution
		Debug|Any CPU = Debug|Any CPU
		Release|Any CPU = Release|Any CPU
	EndGlobalSection
	GlobalSection(ProjectConfigurationPlatforms) = postSolution
		{88F08D60-2134-4AF0-852C-CD8257CACEA2}.Debug|Any CPU.ActiveCfg = Debug|Any CPU
		{88F08D60-2134-4AF0-852C-CD8257CACEA2}.Debug|Any CPU.Build.0 = Debug|Any CPU
		{88F08D60-2134-4AF0-852C-CD8257CACEA2}.Release|Any CPU.ActiveCfg = Release|Any CPU
		{88F08D60-2134-4AF0-852C-CD8257CACEA2}.Release|Any CPU.Build.0 = Release|Any CPU
		{ADCC9EEF-0E9D-4587-96E7-4AC4D5C254C6}.Debug|Any CPU.ActiveCfg = Debug|Any CPU
		{ADCC9EEF-0E9D-4587-96E7-4AC4D5C254C6}.Debug|Any CPU.Build.0 = Debug|Any CPU
		{ADCC9EEF-0E9D-4587-96E7-4AC4D5C254C6}.Release|Any CPU.ActiveCfg = Release|Any CPU
		{ADCC9EEF-0E9D-4587-96E7-4AC4D5C254C6}.Release|Any CPU.Build.0 = Release|Any CPU
		{ABEC70F0-9924-4646-9E96-3D4B386EB780}.Debug|Any CPU.ActiveCfg = Debug|Any CPU
		{ABEC70F0-9924-4646-9E96-3D4B386EB780}.Debug|Any CPU.Build.0 = Debug|Any CPU
		{ABEC70F0-9924-4646-9E96-3D4B386EB780}.Release|Any CPU.ActiveCfg = Release|Any CPU
		{ABEC70F0-9924-4646-9E96-3D4B386EB780}.Release|Any CPU.Build.0 = Release|Any CPU
	EndGlobalSection
	GlobalSection(SolutionProperties) = preSolution
		HideSolutionNode = FALSE
	EndGlobalSection
	GlobalSection(ExtensibilityGlobals) = postSolution
		SolutionGuid = {D94D5289-D1A0-4D8C-B05D-D35AF0490BEB}
	EndGlobalSection
EndGlobal
